
Microsoft Visual Studio Solution File, Format Version 12.00
# Visual Studio Version 17
VisualStudioVersion = 17.5.002.0
MinimumVisualStudioVersion = 10.0.40219.1
Project("{9A19103F-16F7-4668-BE54-9A1E7A4F7556}") = "Upload", "Upload.csproj", "{8168A6CA-D5CE-489F-B28B-C15C3478581D}"
EndProject
Global
	GlobalSection(SolutionConfigurationPlatforms) = preSolution
		Debug|Any CPU = Debug|Any CPU
		Release|Any CPU = Release|Any CPU
	EndGlobalSection
	GlobalSection(ProjectConfigurationPlatforms) = postSolution
		{8168A6CA-D5CE-489F-B28B-C15C3478581D}.Debug|Any CPU.ActiveCfg = Debug|Any CPU
		{8168A6CA-D5CE-489F-B28B-C15C3478581D}.Debug|Any CPU.Build.0 = Debug|Any CPU
		{8168A6CA-D5CE-489F-B28B-C15C3478581D}.Release|Any CPU.ActiveCfg = Release|Any CPU
		{8168A6CA-D5CE-489F-B28B-C15C3478581D}.Release|Any CPU.Build.0 = Release|Any CPU
	EndGlobalSection
	GlobalSection(SolutionProperties) = preSolution
		HideSolutionNode = FALSE
	EndGlobalSection
	GlobalSection(ExtensibilityGlobals) = postSolution
		SolutionGuid = {DFAE2405-CBA9-4969-915B-971835EB64B8}
	EndGlobalSection
EndGlobal
